
Microsoft Visual Studio Solution File, Format Version 12.00
# Visual Studio Version 17
VisualStudioVersion = 17.5.33516.290
MinimumVisualStudioVersion = 10.0.40219.1
Project("{2150E333-8FDC-42A3-9474-1A3956D46DE8}") = "src", "src", "{28E0A880-A0C9-4517-8F64-5D111334AE23}"
EndProject
Project("{2150E333-8FDC-42A3-9474-1A3956D46DE8}") = "core", "core", "{F0D2E4CA-8F5C-4A02-94A6-6C044401D3B6}"
EndProject
Project("{2150E333-8FDC-42A3-9474-1A3956D46DE8}") = "infrastructure", "infrastructure", "{C65166B7-60B2-4DC8-B20B-0BA4644ECF62}"
EndProject
Project("{2150E333-8FDC-42A3-9474-1A3956D46DE8}") = "presentation", "presentation", "{651B883A-F86E-43BB-8B19-CA9B3C0F68B3}"
EndProject
Project("{9A19103F-16F7-4668-BE54-9A1E7A4F7556}") = "LABMS.Domain", "SRC\Core\LABMS.Domain\LABMS.Domain.csproj", "{B949C18E-B038-4922-8AF1-C4B4635288AA}"
EndProject
Project("{9A19103F-16F7-4668-BE54-9A1E7A4F7556}") = "LABMS.Application", "SRC\Core\LABMS.Application\LABMS.Application.csproj", "{076AA8C3-89DE-4B23-B813-DCB21AD61C79}"
EndProject
Project("{9A19103F-16F7-4668-BE54-9A1E7A4F7556}") = "LABMS.Persistence", "SRC\Infrastructure\LABMS.Persistence\LABMS.Persistence.csproj", "{A95C4F8F-F578-4F50-9263-47BD4BBE88EA}"
EndProject
Project("{9A19103F-16F7-4668-BE54-9A1E7A4F7556}") = "LABMS.ServiceRepository", "SRC\Infrastructure\LABMS.ServiceRepo\LABMS.ServiceRepository.csproj", "{237CDF54-A88C-44B3-93C8-B5788319F5DF}"
EndProject
Project("{9A19103F-16F7-4668-BE54-9A1E7A4F7556}") = "LABMS.ServiceContract", "SRC\Infrastructure\LABMS.ServiceContract\LABMS.ServiceContract.csproj", "{05B41BF1-671A-45DB-9E0F-BF0B5F5A8439}"
EndProject
Project("{9A19103F-16F7-4668-BE54-9A1E7A4F7556}") = "LABMS.Identity", "SRC\Infrastructure\LABMS.Identity\LABMS.Identity.csproj", "{F2661A24-56AF-48A8-B3D1-C1E502391A10}"
EndProject
Project("{9A19103F-16F7-4668-BE54-9A1E7A4F7556}") = "LABMS.WebApi", "SRC\Presentation\LABMS.WebApi\LABMS.WebApi.csproj", "{5017CC35-460C-4103-8977-B983C9CEA7A4}"
EndProject
Project("{9A19103F-16F7-4668-BE54-9A1E7A4F7556}") = "LoggerService", "SRC\Core\LoggerService\LoggerService.csproj", "{29040C9A-16B0-44E8-B940-41078409D074}"
EndProject
Project("{FAE04EC0-301F-11D3-BF4B-00C04F79EFBC}") = "LABMS.Controller", "SRC\Presentation\LABMS.Controller\LABMS.Controller.csproj", "{83D488B9-22CE-466F-9C21-1E1B8D8E9DEE}"
EndProject
Global
	GlobalSection(SolutionConfigurationPlatforms) = preSolution
		Debug|Any CPU = Debug|Any CPU
		Release|Any CPU = Release|Any CPU
	EndGlobalSection
	GlobalSection(ProjectConfigurationPlatforms) = postSolution
		{B949C18E-B038-4922-8AF1-C4B4635288AA}.Debug|Any CPU.ActiveCfg = Debug|Any CPU
		{B949C18E-B038-4922-8AF1-C4B4635288AA}.Debug|Any CPU.Build.0 = Debug|Any CPU
		{B949C18E-B038-4922-8AF1-C4B4635288AA}.Release|Any CPU.ActiveCfg = Release|Any CPU
		{B949C18E-B038-4922-8AF1-C4B4635288AA}.Release|Any CPU.Build.0 = Release|Any CPU
		{076AA8C3-89DE-4B23-B813-DCB21AD61C79}.Debug|Any CPU.ActiveCfg = Debug|Any CPU
		{076AA8C3-89DE-4B23-B813-DCB21AD61C79}.Debug|Any CPU.Build.0 = Debug|Any CPU
		{076AA8C3-89DE-4B23-B813-DCB21AD61C79}.Release|Any CPU.ActiveCfg = Release|Any CPU
		{076AA8C3-89DE-4B23-B813-DCB21AD61C79}.Release|Any CPU.Build.0 = Release|Any CPU
		{A95C4F8F-F578-4F50-9263-47BD4BBE88EA}.Debug|Any CPU.ActiveCfg = Debug|Any CPU
		{A95C4F8F-F578-4F50-9263-47BD4BBE88EA}.Debug|Any CPU.Build.0 = Debug|Any CPU
		{A95C4F8F-F578-4F50-9263-47BD4BBE88EA}.Release|Any CPU.ActiveCfg = Release|Any CPU
		{A95C4F8F-F578-4F50-9263-47BD4BBE88EA}.Release|Any CPU.Build.0 = Release|Any CPU
		{237CDF54-A88C-44B3-93C8-B5788319F5DF}.Debug|Any CPU.ActiveCfg = Debug|Any CPU
		{237CDF54-A88C-44B3-93C8-B5788319F5DF}.Debug|Any CPU.Build.0 = Debug|Any CPU
		{237CDF54-A88C-44B3-93C8-B5788319F5DF}.Release|Any CPU.ActiveCfg = Release|Any CPU
		{237CDF54-A88C-44B3-93C8-B5788319F5DF}.Release|Any CPU.Build.0 = Release|Any CPU
		{05B41BF1-671A-45DB-9E0F-BF0B5F5A8439}.Debug|Any CPU.ActiveCfg = Debug|Any CPU
		{05B41BF1-671A-45DB-9E0F-BF0B5F5A8439}.Debug|Any CPU.Build.0 = Debug|Any CPU
		{05B41BF1-671A-45DB-9E0F-BF0B5F5A8439}.Release|Any CPU.ActiveCfg = Release|Any CPU
		{05B41BF1-671A-45DB-9E0F-BF0B5F5A8439}.Release|Any CPU.Build.0 = Release|Any CPU
		{F2661A24-56AF-48A8-B3D1-C1E502391A10}.Debug|Any CPU.ActiveCfg = Debug|Any CPU
		{F2661A24-56AF-48A8-B3D1-C1E502391A10}.Debug|Any CPU.Build.0 = Debug|Any CPU
		{F2661A24-56AF-48A8-B3D1-C1E502391A10}.Release|Any CPU.ActiveCfg = Release|Any CPU
		{F2661A24-56AF-48A8-B3D1-C1E502391A10}.Release|Any CPU.Build.0 = Release|Any CPU
		{5017CC35-460C-4103-8977-B983C9CEA7A4}.Debug|Any CPU.ActiveCfg = Debug|Any CPU
		{5017CC35-460C-4103-8977-B983C9CEA7A4}.Debug|Any CPU.Build.0 = Debug|Any CPU
		{5017CC35-460C-4103-8977-B983C9CEA7A4}.Release|Any CPU.ActiveCfg = Release|Any CPU
		{5017CC35-460C-4103-8977-B983C9CEA7A4}.Release|Any CPU.Build.0 = Release|Any CPU
		{29040C9A-16B0-44E8-B940-41078409D074}.Debug|Any CPU.ActiveCfg = Debug|Any CPU
		{29040C9A-16B0-44E8-B940-41078409D074}.Debug|Any CPU.Build.0 = Debug|Any CPU
		{29040C9A-16B0-44E8-B940-41078409D074}.Release|Any CPU.ActiveCfg = Release|Any CPU
		{29040C9A-16B0-44E8-B940-41078409D074}.Release|Any CPU.Build.0 = Release|Any CPU
		{83D488B9-22CE-466F-9C21-1E1B8D8E9DEE}.Debug|Any CPU.ActiveCfg = Debug|Any CPU
		{83D488B9-22CE-466F-9C21-1E1B8D8E9DEE}.Debug|Any CPU.Build.0 = Debug|Any CPU
		{83D488B9-22CE-466F-9C21-1E1B8D8E9DEE}.Release|Any CPU.ActiveCfg = Release|Any CPU
		{83D488B9-22CE-466F-9C21-1E1B8D8E9DEE}.Release|Any CPU.Build.0 = Release|Any CPU
	EndGlobalSection
	GlobalSection(SolutionProperties) = preSolution
		HideSolutionNode = FALSE
	EndGlobalSection
	GlobalSection(NestedProjects) = preSolution
		{F0D2E4CA-8F5C-4A02-94A6-6C044401D3B6} = {28E0A880-A0C9-4517-8F64-5D111334AE23}
		{C65166B7-60B2-4DC8-B20B-0BA4644ECF62} = {28E0A880-A0C9-4517-8F64-5D111334AE23}
		{651B883A-F86E-43BB-8B19-CA9B3C0F68B3} = {28E0A880-A0C9-4517-8F64-5D111334AE23}
		{B949C18E-B038-4922-8AF1-C4B4635288AA} = {F0D2E4CA-8F5C-4A02-94A6-6C044401D3B6}
		{076AA8C3-89DE-4B23-B813-DCB21AD61C79} = {F0D2E4CA-8F5C-4A02-94A6-6C044401D3B6}
		{A95C4F8F-F578-4F50-9263-47BD4BBE88EA} = {C65166B7-60B2-4DC8-B20B-0BA4644ECF62}
		{237CDF54-A88C-44B3-93C8-B5788319F5DF} = {C65166B7-60B2-4DC8-B20B-0BA4644ECF62}
		{05B41BF1-671A-45DB-9E0F-BF0B5F5A8439} = {C65166B7-60B2-4DC8-B20B-0BA4644ECF62}
		{F2661A24-56AF-48A8-B3D1-C1E502391A10} = {C65166B7-60B2-4DC8-B20B-0BA4644ECF62}
		{5017CC35-460C-4103-8977-B983C9CEA7A4} = {651B883A-F86E-43BB-8B19-CA9B3C0F68B3}
		{29040C9A-16B0-44E8-B940-41078409D074} = {F0D2E4CA-8F5C-4A02-94A6-6C044401D3B6}
		{83D488B9-22CE-466F-9C21-1E1B8D8E9DEE} = {651B883A-F86E-43BB-8B19-CA9B3C0F68B3}
	EndGlobalSection
	GlobalSection(ExtensibilityGlobals) = postSolution
		SolutionGuid = {02F49D29-247A-4B26-84ED-ED3EBD7790E2}
	EndGlobalSection
EndGlobal
